// !$*UTF8*$!
{
	archiveVersion = 1;
	classes = {
	};
	objectVersion = 56;
	objects = {

/* Begin PBXBuildFile section */
		CB573CE32BD054B0003613CD /* SE491GroupProjectApp.swift in Sources */ = {isa = PBXBuildFile; fileRef = CB573CE22BD054B0003613CD /* SE491GroupProjectApp.swift */; };
		CB573CE52BD054B0003613CD /* ContentView.swift in Sources */ = {isa = PBXBuildFile; fileRef = CB573CE42BD054B0003613CD /* ContentView.swift */; };
		CB573CE72BD054B1003613CD /* Assets.xcassets in Resources */ = {isa = PBXBuildFile; fileRef = CB573CE62BD054B1003613CD /* Assets.xcassets */; };
		CB573CEA2BD054B1003613CD /* Preview Assets.xcassets in Resources */ = {isa = PBXBuildFile; fileRef = CB573CE92BD054B1003613CD /* Preview Assets.xcassets */; };
		CB573CF42BD054B1003613CD /* SE491GroupProjectTests.swift in Sources */ = {isa = PBXBuildFile; fileRef = CB573CF32BD054B1003613CD /* SE491GroupProjectTests.swift */; };
		CB573CFE2BD054B1003613CD /* SE491GroupProjectUITests.swift in Sources */ = {isa = PBXBuildFile; fileRef = CB573CFD2BD054B1003613CD /* SE491GroupProjectUITests.swift */; };
		CB573D002BD054B1003613CD /* SE491GroupProjectUITestsLaunchTests.swift in Sources */ = {isa = PBXBuildFile; fileRef = CB573CFF2BD054B1003613CD /* SE491GroupProjectUITestsLaunchTests.swift */; };
		CB573D0D2BD055A6003613CD /* LoginView.swift in Sources */ = {isa = PBXBuildFile; fileRef = CB573D0C2BD055A6003613CD /* LoginView.swift */; };
/* End PBXBuildFile section */

/* Begin PBXContainerItemProxy section */
		CB573CF02BD054B1003613CD /* PBXContainerItemProxy */ = {
			isa = PBXContainerItemProxy;
			containerPortal = CB573CD72BD054B0003613CD /* Project object */;
			proxyType = 1;
			remoteGlobalIDString = CB573CDE2BD054B0003613CD;
			remoteInfo = SE491GroupProject;
		};
		CB573CFA2BD054B1003613CD /* PBXContainerItemProxy */ = {
			isa = PBXContainerItemProxy;
			containerPortal = CB573CD72BD054B0003613CD /* Project object */;
			proxyType = 1;
			remoteGlobalIDString = CB573CDE2BD054B0003613CD;
			remoteInfo = SE491GroupProject;
		};
/* End PBXContainerItemProxy section */

/* Begin PBXFileReference section */
		CB573CDF2BD054B0003613CD /* SE491GroupProject.app */ = {isa = PBXFileReference; explicitFileType = wrapper.application; includeInIndex = 0; path = SE491GroupProject.app; sourceTree = BUILT_PRODUCTS_DIR; };
		CB573CE22BD054B0003613CD /* SE491GroupProjectApp.swift */ = {isa = PBXFileReference; lastKnownFileType = sourcecode.swift; path = SE491GroupProjectApp.swift; sourceTree = "<group>"; };
		CB573CE42BD054B0003613CD /* ContentView.swift */ = {isa = PBXFileReference; lastKnownFileType = sourcecode.swift; path = ContentView.swift; sourceTree = "<group>"; };
		CB573CE62BD054B1003613CD /* Assets.xcassets */ = {isa = PBXFileReference; lastKnownFileType = folder.assetcatalog; path = Assets.xcassets; sourceTree = "<group>"; };
		CB573CE92BD054B1003613CD /* Preview Assets.xcassets */ = {isa = PBXFileReference; lastKnownFileType = folder.assetcatalog; path = "Preview Assets.xcassets"; sourceTree = "<group>"; };
		CB573CEF2BD054B1003613CD /* SE491GroupProjectTests.xctest */ = {isa = PBXFileReference; explicitFileType = wrapper.cfbundle; includeInIndex = 0; path = SE491GroupProjectTests.xctest; sourceTree = BUILT_PRODUCTS_DIR; };
		CB573CF32BD054B1003613CD /* SE491GroupProjectTests.swift */ = {isa = PBXFileReference; lastKnownFileType = sourcecode.swift; path = SE491GroupProjectTests.swift; sourceTree = "<group>"; };
		CB573CF92BD054B1003613CD /* SE491GroupProjectUITests.xctest */ = {isa = PBXFileReference; explicitFileType = wrapper.cfbundle; includeInIndex = 0; path = SE491GroupProjectUITests.xctest; sourceTree = BUILT_PRODUCTS_DIR; };
		CB573CFD2BD054B1003613CD /* SE491GroupProjectUITests.swift */ = {isa = PBXFileReference; lastKnownFileType = sourcecode.swift; path = SE491GroupProjectUITests.swift; sourceTree = "<group>"; };
		CB573CFF2BD054B1003613CD /* SE491GroupProjectUITestsLaunchTests.swift */ = {isa = PBXFileReference; lastKnownFileType = sourcecode.swift; path = SE491GroupProjectUITestsLaunchTests.swift; sourceTree = "<group>"; };
		CB573D0C2BD055A6003613CD /* LoginView.swift */ = {isa = PBXFileReference; lastKnownFileType = sourcecode.swift; path = LoginView.swift; sourceTree = "<group>"; };
/* End PBXFileReference section */

/* Begin PBXFrameworksBuildPhase section */
		CB573CDC2BD054B0003613CD /* Frameworks */ = {
			isa = PBXFrameworksBuildPhase;
			buildActionMask = 2147483647;
			files = (
			);
			runOnlyForDeploymentPostprocessing = 0;
		};
		CB573CEC2BD054B1003613CD /* Frameworks */ = {
			isa = PBXFrameworksBuildPhase;
			buildActionMask = 2147483647;
			files = (
			);
			runOnlyForDeploymentPostprocessing = 0;
		};
		CB573CF62BD054B1003613CD /* Frameworks */ = {
			isa = PBXFrameworksBuildPhase;
			buildActionMask = 2147483647;
			files = (
			);
			runOnlyForDeploymentPostprocessing = 0;
		};
/* End PBXFrameworksBuildPhase section */

/* Begin PBXGroup section */
		CB573CD62BD054B0003613CD = {
			isa = PBXGroup;
			children = (
				CB573CE12BD054B0003613CD /* SE491GroupProject */,
				CB573CF22BD054B1003613CD /* SE491GroupProjectTests */,
				CB573CFC2BD054B1003613CD /* SE491GroupProjectUITests */,
				CB573CE02BD054B0003613CD /* Products */,
			);
			sourceTree = "<group>";
		};
		CB573CE02BD054B0003613CD /* Products */ = {
			isa = PBXGroup;
			children = (
				CB573CDF2BD054B0003613CD /* SE491GroupProject.app */,
				CB573CEF2BD054B1003613CD /* SE491GroupProjectTests.xctest */,
				CB573CF92BD054B1003613CD /* SE491GroupProjectUITests.xctest */,
			);
			name = Products;
			sourceTree = "<group>";
		};
		CB573CE12BD054B0003613CD /* SE491GroupProject */ = {
			isa = PBXGroup;
			children = (
				CB573CE22BD054B0003613CD /* SE491GroupProjectApp.swift */,
				CB573CE42BD054B0003613CD /* ContentView.swift */,
				CB573CE62BD054B1003613CD /* Assets.xcassets */,
				CB573CE82BD054B1003613CD /* Preview Content */,
				CB573D0C2BD055A6003613CD /* LoginView.swift */,
			);
			path = SE491GroupProject;
			sourceTree = "<group>";
		};
		CB573CE82BD054B1003613CD /* Preview Content */ = {
			isa = PBXGroup;
			children = (
				CB573CE92BD054B1003613CD /* Preview Assets.xcassets */,
			);
			path = "Preview Content";
			sourceTree = "<group>";
		};
		CB573CF22BD054B1003613CD /* SE491GroupProjectTests */ = {
			isa = PBXGroup;
			children = (
				CB573CF32BD054B1003613CD /* SE491GroupProjectTests.swift */,
			);
			path = SE491GroupProjectTests;
			sourceTree = "<group>";
		};
		CB573CFC2BD054B1003613CD /* SE491GroupProjectUITests */ = {
			isa = PBXGroup;
			children = (
				CB573CFD2BD054B1003613CD /* SE491GroupProjectUITests.swift */,
				CB573CFF2BD054B1003613CD /* SE491GroupProjectUITestsLaunchTests.swift */,
			);
			path = SE491GroupProjectUITests;
			sourceTree = "<group>";
		};
/* End PBXGroup section */

/* Begin PBXNativeTarget section */
		CB573CDE2BD054B0003613CD /* SE491GroupProject */ = {
			isa = PBXNativeTarget;
			buildConfigurationList = CB573D032BD054B1003613CD /* Build configuration list for PBXNativeTarget "SE491GroupProject" */;
			buildPhases = (
				CB573CDB2BD054B0003613CD /* Sources */,
				CB573CDC2BD054B0003613CD /* Frameworks */,
				CB573CDD2BD054B0003613CD /* Resources */,
			);
			buildRules = (
			);
			dependencies = (
			);
			name = SE491GroupProject;
			productName = SE491GroupProject;
			productReference = CB573CDF2BD054B0003613CD /* SE491GroupProject.app */;
			productType = "com.apple.product-type.application";
		};
		CB573CEE2BD054B1003613CD /* SE491GroupProjectTests */ = {
			isa = PBXNativeTarget;
			buildConfigurationList = CB573D062BD054B1003613CD /* Build configuration list for PBXNativeTarget "SE491GroupProjectTests" */;
			buildPhases = (
				CB573CEB2BD054B1003613CD /* Sources */,
				CB573CEC2BD054B1003613CD /* Frameworks */,
				CB573CED2BD054B1003613CD /* Resources */,
			);
			buildRules = (
			);
			dependencies = (
				CB573CF12BD054B1003613CD /* PBXTargetDependency */,
			);
			name = SE491GroupProjectTests;
			productName = SE491GroupProjectTests;
			productReference = CB573CEF2BD054B1003613CD /* SE491GroupProjectTests.xctest */;
			productType = "com.apple.product-type.bundle.unit-test";
		};
		CB573CF82BD054B1003613CD /* SE491GroupProjectUITests */ = {
			isa = PBXNativeTarget;
			buildConfigurationList = CB573D092BD054B1003613CD /* Build configuration list for PBXNativeTarget "SE491GroupProjectUITests" */;
			buildPhases = (
				CB573CF52BD054B1003613CD /* Sources */,
				CB573CF62BD054B1003613CD /* Frameworks */,
				CB573CF72BD054B1003613CD /* Resources */,
			);
			buildRules = (
			);
			dependencies = (
				CB573CFB2BD054B1003613CD /* PBXTargetDependency */,
			);
			name = SE491GroupProjectUITests;
			productName = SE491GroupProjectUITests;
			productReference = CB573CF92BD054B1003613CD /* SE491GroupProjectUITests.xctest */;
			productType = "com.apple.product-type.bundle.ui-testing";
		};
/* End PBXNativeTarget section */

/* Begin PBXProject section */
		CB573CD72BD054B0003613CD /* Project object */ = {
			isa = PBXProject;
			attributes = {
				BuildIndependentTargetsInParallel = 1;
				LastSwiftUpdateCheck = 1530;
				LastUpgradeCheck = 1530;
				TargetAttributes = {
					CB573CDE2BD054B0003613CD = {
						CreatedOnToolsVersion = 15.3;
					};
					CB573CEE2BD054B1003613CD = {
						CreatedOnToolsVersion = 15.3;
						TestTargetID = CB573CDE2BD054B0003613CD;
					};
					CB573CF82BD054B1003613CD = {
						CreatedOnToolsVersion = 15.3;
						TestTargetID = CB573CDE2BD054B0003613CD;
					};
				};
			};
			buildConfigurationList = CB573CDA2BD054B0003613CD /* Build configuration list for PBXProject "SE491GroupProject" */;
			compatibilityVersion = "Xcode 14.0";
			developmentRegion = en;
			hasScannedForEncodings = 0;
			knownRegions = (
				en,
				Base,
			);
			mainGroup = CB573CD62BD054B0003613CD;
			productRefGroup = CB573CE02BD054B0003613CD /* Products */;
			projectDirPath = "";
			projectRoot = "";
			targets = (
				CB573CDE2BD054B0003613CD /* SE491GroupProject */,
				CB573CEE2BD054B1003613CD /* SE491GroupProjectTests */,
				CB573CF82BD054B1003613CD /* SE491GroupProjectUITests */,
			);
		};
/* End PBXProject section */

/* Begin PBXResourcesBuildPhase section */
		CB573CDD2BD054B0003613CD /* Resources */ = {
			isa = PBXResourcesBuildPhase;
			buildActionMask = 2147483647;
			files = (
				CB573CEA2BD054B1003613CD /* Preview Assets.xcassets in Resources */,
				CB573CE72BD054B1003613CD /* Assets.xcassets in Resources */,
			);
			runOnlyForDeploymentPostprocessing = 0;
		};
		CB573CED2BD054B1003613CD /* Resources */ = {
			isa = PBXResourcesBuildPhase;
			buildActionMask = 2147483647;
			files = (
			);
			runOnlyForDeploymentPostprocessing = 0;
		};
		CB573CF72BD054B1003613CD /* Resources */ = {
			isa = PBXResourcesBuildPhase;
			buildActionMask = 2147483647;
			files = (
			);
			runOnlyForDeploymentPostprocessing = 0;
		};
/* End PBXResourcesBuildPhase section */

/* Begin PBXSourcesBuildPhase section */
		CB573CDB2BD054B0003613CD /* Sources */ = {
			isa = PBXSourcesBuildPhase;
			buildActionMask = 2147483647;
			files = (
				CB573D0D2BD055A6003613CD /* LoginView.swift in Sources */,
				CB573CE52BD054B0003613CD /* ContentView.swift in Sources */,
				CB573CE32BD054B0003613CD /* SE491GroupProjectApp.swift in Sources */,
			);
			runOnlyForDeploymentPostprocessing = 0;
		};
		CB573CEB2BD054B1003613CD /* Sources */ = {
			isa = PBXSourcesBuildPhase;
			buildActionMask = 2147483647;
			files = (
				CB573CF42BD054B1003613CD /* SE491GroupProjectTests.swift in Sources */,
			);
			runOnlyForDeploymentPostprocessing = 0;
		};
		CB573CF52BD054B1003613CD /* Sources */ = {
			isa = PBXSourcesBuildPhase;
			buildActionMask = 2147483647;
			files = (
				CB573CFE2BD054B1003613CD /* SE491GroupProjectUITests.swift in Sources */,
				CB573D002BD054B1003613CD /* SE491GroupProjectUITestsLaunchTests.swift in Sources */,
			);
			runOnlyForDeploymentPostprocessing = 0;
		};
/* End PBXSourcesBuildPhase section */

/* Begin PBXTargetDependency section */
		CB573CF12BD054B1003613CD /* PBXTargetDependency */ = {
			isa = PBXTargetDependency;
			target = CB573CDE2BD054B0003613CD /* SE491GroupProject */;
			targetProxy = CB573CF02BD054B1003613CD /* PBXContainerItemProxy */;
		};
		CB573CFB2BD054B1003613CD /* PBXTargetDependency */ = {
			isa = PBXTargetDependency;
			target = CB573CDE2BD054B0003613CD /* SE491GroupProject */;
			targetProxy = CB573CFA2BD054B1003613CD /* PBXContainerItemProxy */;
		};
/* End PBXTargetDependency section */

/* Begin XCBuildConfiguration section */
		CB573D012BD054B1003613CD /* Debug */ = {
			isa = XCBuildConfiguration;
			buildSettings = {
				ALWAYS_SEARCH_USER_PATHS = NO;
				ASSETCATALOG_COMPILER_GENERATE_SWIFT_ASSET_SYMBOL_EXTENSIONS = YES;
				CLANG_ANALYZER_NONNULL = YES;
				CLANG_ANALYZER_NUMBER_OBJECT_CONVERSION = YES_AGGRESSIVE;
				CLANG_CXX_LANGUAGE_STANDARD = "gnu++20";
				CLANG_ENABLE_MODULES = YES;
				CLANG_ENABLE_OBJC_ARC = YES;
				CLANG_ENABLE_OBJC_WEAK = YES;
				CLANG_WARN_BLOCK_CAPTURE_AUTORELEASING = YES;
				CLANG_WARN_BOOL_CONVERSION = YES;
				CLANG_WARN_COMMA = YES;
				CLANG_WARN_CONSTANT_CONVERSION = YES;
				CLANG_WARN_DEPRECATED_OBJC_IMPLEMENTATIONS = YES;
				CLANG_WARN_DIRECT_OBJC_ISA_USAGE = YES_ERROR;
				CLANG_WARN_DOCUMENTATION_COMMENTS = YES;
				CLANG_WARN_EMPTY_BODY = YES;
				CLANG_WARN_ENUM_CONVERSION = YES;
				CLANG_WARN_INFINITE_RECURSION = YES;
				CLANG_WARN_INT_CONVERSION = YES;
				CLANG_WARN_NON_LITERAL_NULL_CONVERSION = YES;
				CLANG_WARN_OBJC_IMPLICIT_RETAIN_SELF = YES;
				CLANG_WARN_OBJC_LITERAL_CONVERSION = YES;
				CLANG_WARN_OBJC_ROOT_CLASS = YES_ERROR;
				CLANG_WARN_QUOTED_INCLUDE_IN_FRAMEWORK_HEADER = YES;
				CLANG_WARN_RANGE_LOOP_ANALYSIS = YES;
				CLANG_WARN_STRICT_PROTOTYPES = YES;
				CLANG_WARN_SUSPICIOUS_MOVE = YES;
				CLANG_WARN_UNGUARDED_AVAILABILITY = YES_AGGRESSIVE;
				CLANG_WARN_UNREACHABLE_CODE = YES;
				CLANG_WARN__DUPLICATE_METHOD_MATCH = YES;
				COPY_PHASE_STRIP = NO;
				DEBUG_INFORMATION_FORMAT = dwarf;
				ENABLE_STRICT_OBJC_MSGSEND = YES;
				ENABLE_TESTABILITY = YES;
				ENABLE_USER_SCRIPT_SANDBOXING = YES;
				GCC_C_LANGUAGE_STANDARD = gnu17;
				GCC_DYNAMIC_NO_PIC = NO;
				GCC_NO_COMMON_BLOCKS = YES;
				GCC_OPTIMIZATION_LEVEL = 0;
				GCC_PREPROCESSOR_DEFINITIONS = (
					"DEBUG=1",
					"$(inherited)",
				);
				GCC_WARN_64_TO_32_BIT_CONVERSION = YES;
				GCC_WARN_ABOUT_RETURN_TYPE = YES_ERROR;
				GCC_WARN_UNDECLARED_SELECTOR = YES;
				GCC_WARN_UNINITIALIZED_AUTOS = YES_AGGRESSIVE;
				GCC_WARN_UNUSED_FUNCTION = YES;
				GCC_WARN_UNUSED_VARIABLE = YES;
				IPHONEOS_DEPLOYMENT_TARGET = 17.4;
				LOCALIZATION_PREFERS_STRING_CATALOGS = YES;
				MTL_ENABLE_DEBUG_INFO = INCLUDE_SOURCE;
				MTL_FAST_MATH = YES;
				ONLY_ACTIVE_ARCH = YES;
				SDKROOT = iphoneos;
				SWIFT_ACTIVE_COMPILATION_CONDITIONS = "DEBUG $(inherited)";
				SWIFT_OPTIMIZATION_LEVEL = "-Onone";
			};
			name = Debug;
		};
		CB573D022BD054B1003613CD /* Release */ = {
			isa = XCBuildConfiguration;
			buildSettings = {
				ALWAYS_SEARCH_USER_PATHS = NO;
				ASSETCATALOG_COMPILER_GENERATE_SWIFT_ASSET_SYMBOL_EXTENSIONS = YES;
				CLANG_ANALYZER_NONNULL = YES;
				CLANG_ANALYZER_NUMBER_OBJECT_CONVERSION = YES_AGGRESSIVE;
				CLANG_CXX_LANGUAGE_STANDARD = "gnu++20";
				CLANG_ENABLE_MODULES = YES;
				CLANG_ENABLE_OBJC_ARC = YES;
				CLANG_ENABLE_OBJC_WEAK = YES;
				CLANG_WARN_BLOCK_CAPTURE_AUTORELEASING = YES;
				CLANG_WARN_BOOL_CONVERSION = YES;
				CLANG_WARN_COMMA = YES;
				CLANG_WARN_CONSTANT_CONVERSION = YES;
				CLANG_WARN_DEPRECATED_OBJC_IMPLEMENTATIONS = YES;
				CLANG_WARN_DIRECT_OBJC_ISA_USAGE = YES_ERROR;
				CLANG_WARN_DOCUMENTATION_COMMENTS = YES;
				CLANG_WARN_EMPTY_BODY = YES;
				CLANG_WARN_ENUM_CONVERSION = YES;
				CLANG_WARN_INFINITE_RECURSION = YES;
				CLANG_WARN_INT_CONVERSION = YES;
				CLANG_WARN_NON_LITERAL_NULL_CONVERSION = YES;
				CLANG_WARN_OBJC_IMPLICIT_RETAIN_SELF = YES;
				CLANG_WARN_OBJC_LITERAL_CONVERSION = YES;
				CLANG_WARN_OBJC_ROOT_CLASS = YES_ERROR;
				CLANG_WARN_QUOTED_INCLUDE_IN_FRAMEWORK_HEADER = YES;
				CLANG_WARN_RANGE_LOOP_ANALYSIS = YES;
				CLANG_WARN_STRICT_PROTOTYPES = YES;
				CLANG_WARN_SUSPICIOUS_MOVE = YES;
				CLANG_WARN_UNGUARDED_AVAILABILITY = YES_AGGRESSIVE;
				CLANG_WARN_UNREACHABLE_CODE = YES;
				CLANG_WARN__DUPLICATE_METHOD_MATCH = YES;
				COPY_PHASE_STRIP = NO;
				DEBUG_INFORMATION_FORMAT = "dwarf-with-dsym";
				ENABLE_NS_ASSERTIONS = NO;
				ENABLE_STRICT_OBJC_MSGSEND = YES;
				ENABLE_USER_SCRIPT_SANDBOXING = YES;
				GCC_C_LANGUAGE_STANDARD = gnu17;
				GCC_NO_COMMON_BLOCKS = YES;
				GCC_WARN_64_TO_32_BIT_CONVERSION = YES;
				GCC_WARN_ABOUT_RETURN_TYPE = YES_ERROR;
				GCC_WARN_UNDECLARED_SELECTOR = YES;
				GCC_WARN_UNINITIALIZED_AUTOS = YES_AGGRESSIVE;
				GCC_WARN_UNUSED_FUNCTION = YES;
				GCC_WARN_UNUSED_VARIABLE = YES;
				IPHONEOS_DEPLOYMENT_TARGET = 17.4;
				LOCALIZATION_PREFERS_STRING_CATALOGS = YES;
				MTL_ENABLE_DEBUG_INFO = NO;
				MTL_FAST_MATH = YES;
				SDKROOT = iphoneos;
				SWIFT_COMPILATION_MODE = wholemodule;
				VALIDATE_PRODUCT = YES;
			};
			name = Release;
		};
		CB573D042BD054B1003613CD /* Debug */ = {
			isa = XCBuildConfiguration;
			buildSettings = {
				ASSETCATALOG_COMPILER_APPICON_NAME = AppIcon;
				ASSETCATALOG_COMPILER_GLOBAL_ACCENT_COLOR_NAME = AccentColor;
				CODE_SIGN_STYLE = Automatic;
				CURRENT_PROJECT_VERSION = 1;
				DEVELOPMENT_ASSET_PATHS = "\"SE491GroupProject/Preview Content\"";
				ENABLE_PREVIEWS = YES;
				GENERATE_INFOPLIST_FILE = YES;
				INFOPLIST_KEY_UIApplicationSceneManifest_Generation = YES;
				INFOPLIST_KEY_UIApplicationSupportsIndirectInputEvents = YES;
				INFOPLIST_KEY_UILaunchScreen_Generation = YES;
				INFOPLIST_KEY_UISupportedInterfaceOrientations_iPad = "UIInterfaceOrientationPortrait UIInterfaceOrientationPortraitUpsideDown UIInterfaceOrientationLandscapeLeft UIInterfaceOrientationLandscapeRight";
				INFOPLIST_KEY_UISupportedInterfaceOrientations_iPhone = "UIInterfaceOrientationPortrait UIInterfaceOrientationLandscapeLeft UIInterfaceOrientationLandscapeRight";
				LD_RUNPATH_SEARCH_PATHS = (
					"$(inherited)",
					"@executable_path/Frameworks",
				);
				MARKETING_VERSION = 1.0;
				PRODUCT_BUNDLE_IDENTIFIER = com.mlin27.SE491GroupProject;
				PRODUCT_NAME = "$(TARGET_NAME)";
				SWIFT_EMIT_LOC_STRINGS = YES;
				SWIFT_VERSION = 5.0;
				TARGETED_DEVICE_FAMILY = "1,2";
			};
			name = Debug;
		};
		CB573D052BD054B1003613CD /* Release */ = {
			isa = XCBuildConfiguration;
			buildSettings = {
				ASSETCATALOG_COMPILER_APPICON_NAME = AppIcon;
				ASSETCATALOG_COMPILER_GLOBAL_ACCENT_COLOR_NAME = AccentColor;
				CODE_SIGN_STYLE = Automatic;
				CURRENT_PROJECT_VERSION = 1;
				DEVELOPMENT_ASSET_PATHS = "\"SE491GroupProject/Preview Content\"";
				ENABLE_PREVIEWS = YES;
				GENERATE_INFOPLIST_FILE = YES;
				INFOPLIST_KEY_UIApplicationSceneManifest_Generation = YES;
				INFOPLIST_KEY_UIApplicationSupportsIndirectInputEvents = YES;
				INFOPLIST_KEY_UILaunchScreen_Generation = YES;
				INFOPLIST_KEY_UISupportedInterfaceOrientations_iPad = "UIInterfaceOrientationPortrait UIInterfaceOrientationPortraitUpsideDown UIInterfaceOrientationLandscapeLeft UIInterfaceOrientationLandscapeRight";
				INFOPLIST_KEY_UISupportedInterfaceOrientations_iPhone = "UIInterfaceOrientationPortrait UIInterfaceOrientationLandscapeLeft UIInterfaceOrientationLandscapeRight";
				LD_RUNPATH_SEARCH_PATHS = (
					"$(inherited)",
					"@executable_path/Frameworks",
				);
				MARKETING_VERSION = 1.0;
				PRODUCT_BUNDLE_IDENTIFIER = com.mlin27.SE491GroupProject;
				PRODUCT_NAME = "$(TARGET_NAME)";
				SWIFT_EMIT_LOC_STRINGS = YES;
				SWIFT_VERSION = 5.0;
				TARGETED_DEVICE_FAMILY = "1,2";
			};
			name = Release;
		};
		CB573D072BD054B1003613CD /* Debug */ = {
			isa = XCBuildConfiguration;
			buildSettings = {
				ALWAYS_EMBED_SWIFT_STANDARD_LIBRARIES = YES;
				BUNDLE_LOADER = "$(TEST_HOST)";
				CODE_SIGN_STYLE = Automatic;
				CURRENT_PROJECT_VERSION = 1;
				GENERATE_INFOPLIST_FILE = YES;
				IPHONEOS_DEPLOYMENT_TARGET = 17.4;
				MARKETING_VERSION = 1.0;
				PRODUCT_BUNDLE_IDENTIFIER = com.mlin27.SE491GroupProjectTests;
				PRODUCT_NAME = "$(TARGET_NAME)";
				SWIFT_EMIT_LOC_STRINGS = NO;
				SWIFT_VERSION = 5.0;
				TARGETED_DEVICE_FAMILY = "1,2";
				TEST_HOST = "$(BUILT_PRODUCTS_DIR)/SE491GroupProject.app/$(BUNDLE_EXECUTABLE_FOLDER_PATH)/SE491GroupProject";
			};
			name = Debug;
		};
		CB573D082BD054B1003613CD /* Release */ = {
			isa = XCBuildConfiguration;
			buildSettings = {
				ALWAYS_EMBED_SWIFT_STANDARD_LIBRARIES = YES;
				BUNDLE_LOADER = "$(TEST_HOST)";
				CODE_SIGN_STYLE = Automatic;
				CURRENT_PROJECT_VERSION = 1;
				GENERATE_INFOPLIST_FILE = YES;
				IPHONEOS_DEPLOYMENT_TARGET = 17.4;
				MARKETING_VERSION = 1.0;
				PRODUCT_BUNDLE_IDENTIFIER = com.mlin27.SE491GroupProjectTests;
				PRODUCT_NAME = "$(TARGET_NAME)";
				SWIFT_EMIT_LOC_STRINGS = NO;
				SWIFT_VERSION = 5.0;
				TARGETED_DEVICE_FAMILY = "1,2";
				TEST_HOST = "$(BUILT_PRODUCTS_DIR)/SE491GroupProject.app/$(BUNDLE_EXECUTABLE_FOLDER_PATH)/SE491GroupProject";
			};
			name = Release;
		};
		CB573D0A2BD054B1003613CD /* Debug */ = {
			isa = XCBuildConfiguration;
			buildSettings = {
				ALWAYS_EMBED_SWIFT_STANDARD_LIBRARIES = YES;
				CODE_SIGN_STYLE = Automatic;
				CURRENT_PROJECT_VERSION = 1;
				GENERATE_INFOPLIST_FILE = YES;
				MARKETING_VERSION = 1.0;
				PRODUCT_BUNDLE_IDENTIFIER = com.mlin27.SE491GroupProjectUITests;
				PRODUCT_NAME = "$(TARGET_NAME)";
				SWIFT_EMIT_LOC_STRINGS = NO;
				SWIFT_VERSION = 5.0;
				TARGETED_DEVICE_FAMILY = "1,2";
				TEST_TARGET_NAME = SE491GroupProject;
			};
			name = Debug;
		};
		CB573D0B2BD054B1003613CD /* Release */ = {
			isa = XCBuildConfiguration;
			buildSettings = {
				ALWAYS_EMBED_SWIFT_STANDARD_LIBRARIES = YES;
				CODE_SIGN_STYLE = Automatic;
				CURRENT_PROJECT_VERSION = 1;
				GENERATE_INFOPLIST_FILE = YES;
				MARKETING_VERSION = 1.0;
				PRODUCT_BUNDLE_IDENTIFIER = com.mlin27.SE491GroupProjectUITests;
				PRODUCT_NAME = "$(TARGET_NAME)";
				SWIFT_EMIT_LOC_STRINGS = NO;
				SWIFT_VERSION = 5.0;
				TARGETED_DEVICE_FAMILY = "1,2";
				TEST_TARGET_NAME = SE491GroupProject;
			};
			name = Release;
		};
/* End XCBuildConfiguration section */

/* Begin XCConfigurationList section */
		CB573CDA2BD054B0003613CD /* Build configuration list for PBXProject "SE491GroupProject" */ = {
			isa = XCConfigurationList;
			buildConfigurations = (
				CB573D012BD054B1003613CD /* Debug */,
				CB573D022BD054B1003613CD /* Release */,
			);
			defaultConfigurationIsVisible = 0;
			defaultConfigurationName = Release;
		};
		CB573D032BD054B1003613CD /* Build configuration list for PBXNativeTarget "SE491GroupProject" */ = {
			isa = XCConfigurationList;
			buildConfigurations = (
				CB573D042BD054B1003613CD /* Debug */,
				CB573D052BD054B1003613CD /* Release */,
			);
			defaultConfigurationIsVisible = 0;
			defaultConfigurationName = Release;
		};
		CB573D062BD054B1003613CD /* Build configuration list for PBXNativeTarget "SE491GroupProjectTests" */ = {
			isa = XCConfigurationList;
			buildConfigurations = (
				CB573D072BD054B1003613CD /* Debug */,
				CB573D082BD054B1003613CD /* Release */,
			);
			defaultConfigurationIsVisible = 0;
			defaultConfigurationName = Release;
		};
		CB573D092BD054B1003613CD /* Build configuration list for PBXNativeTarget "SE491GroupProjectUITests" */ = {
			isa = XCConfigurationList;
			buildConfigurations = (
				CB573D0A2BD054B1003613CD /* Debug */,
				CB573D0B2BD054B1003613CD /* Release */,
			);
			defaultConfigurationIsVisible = 0;
			defaultConfigurationName = Release;
		};
/* End XCConfigurationList section */
	};
	rootObject = CB573CD72BD054B0003613CD /* Project object */;
}
